
Microsoft Visual Studio Solution File, Format Version 12.00
# Visual Studio Version 17
VisualStudioVersion = 17.5.33530.505
MinimumVisualStudioVersion = 10.0.40219.1
Project("{FAE04EC0-301F-11D3-BF4B-00C04F79EFBC}") = "robber_shoot_assesment", "robber_shoot_assesment.csproj", "{B66C7D12-E41F-4E56-85AE-B12B52CFE5A2}"
EndProject
Global
	GlobalSection(SolutionConfigurationPlatforms) = preSolution
		Debug|Any CPU = Debug|Any CPU
		Release|Any CPU = Release|Any CPU
	EndGlobalSection
	GlobalSection(ProjectConfigurationPlatforms) = postSolution
		{B66C7D12-E41F-4E56-85AE-B12B52CFE5A2}.Debug|Any CPU.ActiveCfg = Debug|Any CPU
		{B66C7D12-E41F-4E56-85AE-B12B52CFE5A2}.Debug|Any CPU.Build.0 = Debug|Any CPU
		{B66C7D12-E41F-4E56-85AE-B12B52CFE5A2}.Release|Any CPU.ActiveCfg = Release|Any CPU
		{B66C7D12-E41F-4E56-85AE-B12B52CFE5A2}.Release|Any CPU.Build.0 = Release|Any CPU
	EndGlobalSection
	GlobalSection(SolutionProperties) = preSolution
		HideSolutionNode = FALSE
	EndGlobalSection
	GlobalSection(ExtensibilityGlobals) = postSolution
		SolutionGuid = {28ED0928-8103-48A8-8BF4-52BA80D784CC}
	EndGlobalSection
EndGlobal
